
Microsoft Visual Studio Solution File, Format Version 12.00
# Visual Studio Version 16
VisualStudioVersion = 16.0.35425.106
MinimumVisualStudioVersion = 10.0.40219.1
Project("{FAE04EC0-301F-11D3-BF4B-00C04F79EFBC}") = "Clok", "Clok\Clok.csproj", "{51E373D2-958A-400A-B9CB-4F13ECEF6DD1}"
EndProject
Global
	GlobalSection(SolutionConfigurationPlatforms) = preSolution
		Debug|Any CPU = Debug|Any CPU
		Release|Any CPU = Release|Any CPU
	EndGlobalSection
	GlobalSection(ProjectConfigurationPlatforms) = postSolution
		{51E373D2-958A-400A-B9CB-4F13ECEF6DD1}.Debug|Any CPU.ActiveCfg = Debug|Any CPU
		{51E373D2-958A-400A-B9CB-4F13ECEF6DD1}.Debug|Any CPU.Build.0 = Debug|Any CPU
		{51E373D2-958A-400A-B9CB-4F13ECEF6DD1}.Release|Any CPU.ActiveCfg = Release|Any CPU
		{51E373D2-958A-400A-B9CB-4F13ECEF6DD1}.Release|Any CPU.Build.0 = Release|Any CPU
	EndGlobalSection
	GlobalSection(SolutionProperties) = preSolution
		HideSolutionNode = FALSE
	EndGlobalSection
	GlobalSection(ExtensibilityGlobals) = postSolution
		SolutionGuid = {50C5A3FC-87FC-4C22-99A4-5E45326E36C0}
	EndGlobalSection
EndGlobal
